
Microsoft Visual Studio Solution File, Format Version 12.00
# Visual Studio Version 16
VisualStudioVersion = 16.0.30011.22
MinimumVisualStudioVersion = 10.0.40219.1
Project("{8BC9CEB8-8B4A-11D0-8D11-00A0C91BC942}") = "20200808", "20200808\20200808.vcxproj", "{5AB16F49-8BF2-4325-A8C8-A65255791EAE}"
EndProject
Project("{8BC9CEB8-8B4A-11D0-8D11-00A0C91BC942}") = "20200730", "20200730\20200730.vcxproj", "{B3655158-5AAF-44BC-9D84-CC9EC7838BAC}"
EndProject
Project("{8BC9CEB8-8B4A-11D0-8D11-00A0C91BC942}") = "20200727", "20200727\20200727.vcxproj", "{FF780D73-1D07-4B0E-BC99-A98219ACAA10}"
EndProject
Project("{8BC9CEB8-8B4A-11D0-8D11-00A0C91BC942}") = "20200809", "20200809\20200809.vcxproj", "{5EDC2401-879E-4E64-BCB2-26C8E36CC5D1}"
EndProject
Global
	GlobalSection(SolutionConfigurationPlatforms) = preSolution
		Debug|x64 = Debug|x64
		Debug|x86 = Debug|x86
		Release|x64 = Release|x64
		Release|x86 = Release|x86
	EndGlobalSection
	GlobalSection(ProjectConfigurationPlatforms) = postSolution
		{5AB16F49-8BF2-4325-A8C8-A65255791EAE}.Debug|x64.ActiveCfg = Debug|x64
		{5AB16F49-8BF2-4325-A8C8-A65255791EAE}.Debug|x64.Build.0 = Debug|x64
		{5AB16F49-8BF2-4325-A8C8-A65255791EAE}.Debug|x86.ActiveCfg = Debug|Win32
		{5AB16F49-8BF2-4325-A8C8-A65255791EAE}.Debug|x86.Build.0 = Debug|Win32
		{5AB16F49-8BF2-4325-A8C8-A65255791EAE}.Release|x64.ActiveCfg = Release|x64
		{5AB16F49-8BF2-4325-A8C8-A65255791EAE}.Release|x64.Build.0 = Release|x64
		{5AB16F49-8BF2-4325-A8C8-A65255791EAE}.Release|x86.ActiveCfg = Release|Win32
		{5AB16F49-8BF2-4325-A8C8-A65255791EAE}.Release|x86.Build.0 = Release|Win32
		{B3655158-5AAF-44BC-9D84-CC9EC7838BAC}.Debug|x64.ActiveCfg = Debug|x64
		{B3655158-5AAF-44BC-9D84-CC9EC7838BAC}.Debug|x64.Build.0 = Debug|x64
		{B3655158-5AAF-44BC-9D84-CC9EC7838BAC}.Debug|x86.ActiveCfg = Debug|Win32
		{B3655158-5AAF-44BC-9D84-CC9EC7838BAC}.Debug|x86.Build.0 = Debug|Win32
		{B3655158-5AAF-44BC-9D84-CC9EC7838BAC}.Release|x64.ActiveCfg = Release|x64
		{B3655158-5AAF-44BC-9D84-CC9EC7838BAC}.Release|x64.Build.0 = Release|x64
		{B3655158-5AAF-44BC-9D84-CC9EC7838BAC}.Release|x86.ActiveCfg = Release|Win32
		{B3655158-5AAF-44BC-9D84-CC9EC7838BAC}.Release|x86.Build.0 = Release|Win32
		{FF780D73-1D07-4B0E-BC99-A98219ACAA10}.Debug|x64.ActiveCfg = Debug|x64
		{FF780D73-1D07-4B0E-BC99-A98219ACAA10}.Debug|x64.Build.0 = Debug|x64
		{FF780D73-1D07-4B0E-BC99-A98219ACAA10}.Debug|x86.ActiveCfg = Debug|Win32
		{FF780D73-1D07-4B0E-BC99-A98219ACAA10}.Debug|x86.Build.0 = Debug|Win32
		{FF780D73-1D07-4B0E-BC99-A98219ACAA10}.Release|x64.ActiveCfg = Release|x64
		{FF780D73-1D07-4B0E-BC99-A98219ACAA10}.Release|x64.Build.0 = Release|x64
		{FF780D73-1D07-4B0E-BC99-A98219ACAA10}.Release|x86.ActiveCfg = Release|Win32
		{FF780D73-1D07-4B0E-BC99-A98219ACAA10}.Release|x86.Build.0 = Release|Win32
		{5EDC2401-879E-4E64-BCB2-26C8E36CC5D1}.Debug|x64.ActiveCfg = Debug|x64
		{5EDC2401-879E-4E64-BCB2-26C8E36CC5D1}.Debug|x64.Build.0 = Debug|x64
		{5EDC2401-879E-4E64-BCB2-26C8E36CC5D1}.Debug|x86.ActiveCfg = Debug|Win32
		{5EDC2401-879E-4E64-BCB2-26C8E36CC5D1}.Debug|x86.Build.0 = Debug|Win32
		{5EDC2401-879E-4E64-BCB2-26C8E36CC5D1}.Release|x64.ActiveCfg = Release|x64
		{5EDC2401-879E-4E64-BCB2-26C8E36CC5D1}.Release|x64.Build.0 = Release|x64
		{5EDC2401-879E-4E64-BCB2-26C8E36CC5D1}.Release|x86.ActiveCfg = Release|Win32
		{5EDC2401-879E-4E64-BCB2-26C8E36CC5D1}.Release|x86.Build.0 = Release|Win32
	EndGlobalSection
	GlobalSection(SolutionProperties) = preSolution
		HideSolutionNode = FALSE
	EndGlobalSection
	GlobalSection(ExtensibilityGlobals) = postSolution
		SolutionGuid = {4C05F16D-FBA2-4326-B0BC-3FD5EB851733}
	EndGlobalSection
EndGlobal
